Microsoft Visual Studio Solution File, Format Version 11.00
# Visual Studio 2008

Project("{F9A89A96-0721-55E0-E6F1-38D29C1A0DBB}") = "COMP391_WK2", "Assembly-CSharp.csproj", "{5EF871B4-79A6-83FF-DBD4-1E57260DDBD6}"
EndProject
Global
	GlobalSection(SolutionConfigurationPlatforms) = preSolution
		Debug|Any CPU = Debug|Any CPU
		Release|Any CPU = Release|Any CPU
	EndGlobalSection
	GlobalSection(ProjectConfigurationPlatforms) = postSolution
		{5EF871B4-79A6-83FF-DBD4-1E57260DDBD6}.Debug|Any CPU.ActiveCfg = Debug|Any CPU
		{5EF871B4-79A6-83FF-DBD4-1E57260DDBD6}.Debug|Any CPU.Build.0 = Debug|Any CPU
		{5EF871B4-79A6-83FF-DBD4-1E57260DDBD6}.Release|Any CPU.ActiveCfg = Release|Any CPU
		{5EF871B4-79A6-83FF-DBD4-1E57260DDBD6}.Release|Any CPU.Build.0 = Release|Any CPU
	EndGlobalSection
	GlobalSection(SolutionProperties) = preSolution
		HideSolutionNode = FALSE
	EndGlobalSection
	GlobalSection(MonoDevelopProperties) = preSolution
		StartupItem = Assembly-CSharp.csproj
	EndGlobalSection
EndGlobal
